{
    "_readme": [
        "This file locks the dependencies of your project to a known state",
        "Read more about it at https://getcomposer.org/doc/01-basic-usage.md#installing-dependencies",
        "This file is @generated automatically"
    ],
    "content-hash": "5637ace098ff6281d60f62db6d6da95d",
    "packages": [
        {
            "name": "curl/curl",
            "version": "2.5.0",
            "source": {
                "type": "git",
                "url": "https://github.com/php-mod/curl.git",
                "reference": "c4f8799c471e43b7c782c77d5c6e178d0465e210"
            },
            "dist": {
                "type": "zip",
                "url": "https://api.github.com/repos/php-mod/curl/zipball/c4f8799c471e43b7c782c77d5c6e178d0465e210",
                "reference": "c4f8799c471e43b7c782c77d5c6e178d0465e210",
                "shasum": ""
            },
            "require": {
                "ext-curl": "*",
                "php": "^5.6 | ^7.0 | ^8.0"
            },
            "require-dev": {
                "yoast/phpunit-polyfills": "^0.2.0"
            },
            "type": "library",
            "autoload": {
                "psr-0": {
                    "Curl": "src/"
                }
            },
            "notification-url": "https://packagist.org/downloads/",
            "license": [
                "MIT"
            ],
            "authors": [
                {
                    "name": "php-curl-class",
                    "homepage": "https://github.com/php-curl-class"
                },
                {
                    "name": "Hassan Amouhzi",
                    "email": "hassan@anezi.net",
                    "homepage": "http://hassan.amouhzi.com"
                },
                {
                    "name": "user52",
                    "homepage": "https://github.com/user52"
                }
            ],
            "description": "cURL class for PHP",
            "homepage": "https://github.com/php-mod/curl",
            "keywords": [
                "curl",
                "dot"
            ],
            "support": {
                "issues": "https://github.com/php-mod/curl/issues",
                "source": "https://github.com/php-mod/curl/tree/2.5.0"
            },
            "time": "2022-12-14T13:27:59+00:00"
        },
        {
            "name": "rtgroup/dbconnect",
            "version": "dev-master",
            "source": {
                "type": "git",
                "url": "https://github.com/RT-Group-Tech/dbconnect.git",
                "reference": "f19cb9d886723c405f8b74a12d83215c37c68a9c"
            },
            "dist": {
                "type": "zip",
                "url": "https://api.github.com/repos/RT-Group-Tech/dbconnect/zipball/f19cb9d886723c405f8b74a12d83215c37c68a9c",
                "reference": "f19cb9d886723c405f8b74a12d83215c37c68a9c",
                "shasum": ""
            },
            "require": {
                "php": ">=7.0"
            },
            "default-branch": true,
            "type": "library",
            "autoload": {
                "psr-4": {
                    "Rtgroup\\Dbconnect\\": "src/"
                }
            },
            "notification-url": "https://packagist.org/downloads/",
            "authors": [
                {
                    "name": "Chris Tenday",
                    "email": "ctenday@gmail.com"
                }
            ],
            "description": "Bibliothèque pour la gestion de la base des données et actions sql",
            "support": {
                "issues": "https://github.com/RT-Group-Tech/dbconnect/issues",
                "source": "https://github.com/RT-Group-Tech/dbconnect/tree/master"
            },
            "time": "2023-10-13T15:39:46+00:00"
        },
        {
            "name": "rtgroup/http-router",
            "version": "dev-master",
            "source": {
                "type": "git",
                "url": "https://github.com/RT-Group-Tech/http-router.git",
                "reference": "8cf8f0ceee277bc20440d5ddd0fedc45d5e18c2e"
            },
            "dist": {
                "type": "zip",
                "url": "https://api.github.com/repos/RT-Group-Tech/http-router/zipball/8cf8f0ceee277bc20440d5ddd0fedc45d5e18c2e",
                "reference": "8cf8f0ceee277bc20440d5ddd0fedc45d5e18c2e",
                "shasum": ""
            },
            "require": {
                "curl/curl": "^2.5",
                "ext-curl": "*",
                "php": ">=8.0"
            },
            "default-branch": true,
            "type": "library",
            "autoload": {
                "psr-4": {
                    "Rtgroup\\HttpRouter\\": "src/"
                }
            },
            "notification-url": "https://packagist.org/downloads/",
            "authors": [
                {
                    "name": "Chris Tenday",
                    "email": "ctenday@gmail.com"
                }
            ],
            "description": "Composant de gestion & routage de requete http",
            "support": {
                "issues": "https://github.com/RT-Group-Tech/http-router/issues",
                "source": "https://github.com/RT-Group-Tech/http-router/tree/master"
            },
            "time": "2023-10-13T09:28:49+00:00"
        },
        {
            "name": "rtgroup/payroll-adresses",
            "version": "dev-master",
            "source": {
                "type": "git",
                "url": "https://github.com/RT-Group-Tech/payroll-adresses.git",
                "reference": "0b17b0549eca22059cc0cc0d9fcd5266fe8c3ff2"
            },
            "dist": {
                "type": "zip",
                "url": "https://api.github.com/repos/RT-Group-Tech/payroll-adresses/zipball/0b17b0549eca22059cc0cc0d9fcd5266fe8c3ff2",
                "reference": "0b17b0549eca22059cc0cc0d9fcd5266fe8c3ff2",
                "shasum": ""
            },
            "require": {
                "php": ">=8.0",
                "rtgroup/dbconnect": "dev-master"
            },
            "default-branch": true,
            "type": "library",
            "autoload": {
                "psr-4": {
                    "Rtgroup\\PayrollAdresses\\": "src/"
                }
            },
            "notification-url": "https://packagist.org/downloads/",
            "authors": [
                {
                    "name": "Chris Tenday",
                    "email": "ctenday@gmail.com"
                }
            ],
            "description": "Composant pour la gestion des adresses",
            "support": {
                "issues": "https://github.com/RT-Group-Tech/payroll-adresses/issues",
                "source": "https://github.com/RT-Group-Tech/payroll-adresses/tree/master"
            },
            "time": "2023-10-05T12:49:09+00:00"
        },
        {
            "name": "rtgroup/payroll-baremes",
            "version": "dev-master",
            "source": {
                "type": "git",
                "url": "https://github.com/RT-Group-Tech/payroll-baremes.git",
                "reference": "4759ad74b917c5fbcc8ab51fc9cb274b63638a00"
            },
            "require": {
                "rtgroup/dbconnect": "dev-master",
                "rtgroup/http-router": "dev-master"
            },
            "default-branch": true,
            "type": "library",
            "autoload": {
                "psr-4": {
                    "Rtgroup\\PayrollBaremes\\": "src/"
                }
            },
            "authors": [
                {
                    "name": "Chris Tenday",
                    "email": "ctenday@gmail.com"
                }
            ],
            "description": "Gestion & manipulation des baremes",
            "time": "2023-10-16T14:48:17+00:00"
        }
    ],
    "packages-dev": [],
    "aliases": [],
    "minimum-stability": "stable",
    "stability-flags": {
        "rtgroup/dbconnect": 20,
        "rtgroup/payroll-adresses": 20,
        "rtgroup/http-router": 20,
        "rtgroup/payroll-baremes": 20
    },
    "prefer-stable": false,
    "prefer-lowest": false,
    "platform": {
        "php": ">=8.0"
    },
    "platform-dev": [],
    "plugin-api-version": "2.6.0"
}
